
Microsoft Visual Studio Solution File, Format Version 12.00
# Visual Studio Version 17
VisualStudioVersion = 17.14.36717.8
MinimumVisualStudioVersion = 10.0.40219.1
Project("{FAE04EC0-301F-11D3-BF4B-00C04F79EFBC}") = "ImageResizeApp", "src\ImageResizeApp\ImageResizeApp.csproj", "{8E9FC8F2-7F86-CC1A-0EBC-2C3BA874BB0C}"
EndProject
Project("{FAE04EC0-301F-11D3-BF4B-00C04F79EFBC}") = "ImageResizeConsole", "src\ImageResizeConsole\ImageResizeConsole\ImageResizeConsole.csproj", "{3DB43772-3669-F4A3-4F53-D757329D0876}"
EndProject
Project("{2150E333-8FDC-42A3-9474-1A3956D46DE8}") = "src", "src", "{DDB4EF12-CC4E-5E88-E6FC-71A802F4DE97}"
EndProject
Global
	GlobalSection(SolutionConfigurationPlatforms) = preSolution
		Debug|Any CPU = Debug|Any CPU
		Release|Any CPU = Release|Any CPU
	EndGlobalSection
	GlobalSection(ProjectConfigurationPlatforms) = postSolution
		{8E9FC8F2-7F86-CC1A-0EBC-2C3BA874BB0C}.Debug|Any CPU.ActiveCfg = Debug|Any CPU
		{8E9FC8F2-7F86-CC1A-0EBC-2C3BA874BB0C}.Debug|Any CPU.Build.0 = Debug|Any CPU
		{8E9FC8F2-7F86-CC1A-0EBC-2C3BA874BB0C}.Release|Any CPU.ActiveCfg = Release|Any CPU
		{8E9FC8F2-7F86-CC1A-0EBC-2C3BA874BB0C}.Release|Any CPU.Build.0 = Release|Any CPU
		{3DB43772-3669-F4A3-4F53-D757329D0876}.Debug|Any CPU.ActiveCfg = Debug|Any CPU
		{3DB43772-3669-F4A3-4F53-D757329D0876}.Debug|Any CPU.Build.0 = Debug|Any CPU
		{3DB43772-3669-F4A3-4F53-D757329D0876}.Release|Any CPU.ActiveCfg = Release|Any CPU
		{3DB43772-3669-F4A3-4F53-D757329D0876}.Release|Any CPU.Build.0 = Release|Any CPU
	EndGlobalSection
	GlobalSection(SolutionProperties) = preSolution
		HideSolutionNode = FALSE
	EndGlobalSection
	GlobalSection(NestedProjects) = preSolution
		{8E9FC8F2-7F86-CC1A-0EBC-2C3BA874BB0C} = {DDB4EF12-CC4E-5E88-E6FC-71A802F4DE97}
		{3DB43772-3669-F4A3-4F53-D757329D0876} = {DDB4EF12-CC4E-5E88-E6FC-71A802F4DE97}
	EndGlobalSection
	GlobalSection(ExtensibilityGlobals) = postSolution
		SolutionGuid = {9180188A-6AAB-4E76-8213-1876A218F607}
	EndGlobalSection
EndGlobal
